
Microsoft Visual Studio Solution File, Format Version 12.00
# Visual Studio Version 17
VisualStudioVersion = 17.14.36203.30 d17.14
MinimumVisualStudioVersion = 10.0.40219.1
Project("{FAE04EC0-301F-11D3-BF4B-00C04F79EFBC}") = "TaskManager.API", "TaskManager.API.csproj", "{63AE27B7-9D4F-42C7-B87A-BCF517EAF335}"
EndProject
Project("{FAE04EC0-301F-11D3-BF4B-00C04F79EFBC}") = "TaskManager.Domain", "..\TaskManager.Domain\TaskManager.Domain.csproj", "{F4AAF1C5-2264-4785-B76C-CE634569E3F5}"
EndProject
Global
	GlobalSection(SolutionConfigurationPlatforms) = preSolution
		Debug|Any CPU = Debug|Any CPU
		Release|Any CPU = Release|Any CPU
	EndGlobalSection
	GlobalSection(ProjectConfigurationPlatforms) = postSolution
		{63AE27B7-9D4F-42C7-B87A-BCF517EAF335}.Debug|Any CPU.ActiveCfg = Debug|Any CPU
		{63AE27B7-9D4F-42C7-B87A-BCF517EAF335}.Debug|Any CPU.Build.0 = Debug|Any CPU
		{63AE27B7-9D4F-42C7-B87A-BCF517EAF335}.Release|Any CPU.ActiveCfg = Release|Any CPU
		{63AE27B7-9D4F-42C7-B87A-BCF517EAF335}.Release|Any CPU.Build.0 = Release|Any CPU
		{F4AAF1C5-2264-4785-B76C-CE634569E3F5}.Debug|Any CPU.ActiveCfg = Debug|Any CPU
		{F4AAF1C5-2264-4785-B76C-CE634569E3F5}.Debug|Any CPU.Build.0 = Debug|Any CPU
		{F4AAF1C5-2264-4785-B76C-CE634569E3F5}.Release|Any CPU.ActiveCfg = Release|Any CPU
		{F4AAF1C5-2264-4785-B76C-CE634569E3F5}.Release|Any CPU.Build.0 = Release|Any CPU
	EndGlobalSection
	GlobalSection(SolutionProperties) = preSolution
		HideSolutionNode = FALSE
	EndGlobalSection
	GlobalSection(ExtensibilityGlobals) = postSolution
		SolutionGuid = {A5D99FE5-19BF-453D-A37B-1DBBD9C66CD0}
	EndGlobalSection
EndGlobal
